
Microsoft Visual Studio Solution File, Format Version 12.00
# Visual Studio Version 16
VisualStudioVersion = 16.0.34407.143
MinimumVisualStudioVersion = 10.0.40219.1
Project("{8BC9CEB8-8B4A-11D0-8D11-00A0C91BC942}") = "PHONE_BOOK", "PHONE_BOOK\PHONE_BOOK.vcxproj", "{9EF7B14E-AF93-4312-A9F0-A9A42D8E0234}"
EndProject
Global
	GlobalSection(SolutionConfigurationPlatforms) = preSolution
		Debug|x64 = Debug|x64
		Debug|x86 = Debug|x86
		Release|x64 = Release|x64
		Release|x86 = Release|x86
	EndGlobalSection
	GlobalSection(ProjectConfigurationPlatforms) = postSolution
		{9EF7B14E-AF93-4312-A9F0-A9A42D8E0234}.Debug|x64.ActiveCfg = Debug|x64
		{9EF7B14E-AF93-4312-A9F0-A9A42D8E0234}.Debug|x64.Build.0 = Debug|x64
		{9EF7B14E-AF93-4312-A9F0-A9A42D8E0234}.Debug|x86.ActiveCfg = Debug|Win32
		{9EF7B14E-AF93-4312-A9F0-A9A42D8E0234}.Debug|x86.Build.0 = Debug|Win32
		{9EF7B14E-AF93-4312-A9F0-A9A42D8E0234}.Release|x64.ActiveCfg = Release|x64
		{9EF7B14E-AF93-4312-A9F0-A9A42D8E0234}.Release|x64.Build.0 = Release|x64
		{9EF7B14E-AF93-4312-A9F0-A9A42D8E0234}.Release|x86.ActiveCfg = Release|Win32
		{9EF7B14E-AF93-4312-A9F0-A9A42D8E0234}.Release|x86.Build.0 = Release|Win32
	EndGlobalSection
	GlobalSection(SolutionProperties) = preSolution
		HideSolutionNode = FALSE
	EndGlobalSection
	GlobalSection(ExtensibilityGlobals) = postSolution
		SolutionGuid = {1FB8E96D-F1FE-4BDD-81D1-BE7D602D6DC2}
	EndGlobalSection
EndGlobal
